
Microsoft Visual Studio Solution File, Format Version 12.00
# Visual Studio Version 17
VisualStudioVersion = 17.6.33829.357
MinimumVisualStudioVersion = 10.0.40219.1
Project("{9A19103F-16F7-4668-BE54-9A1E7A4F7556}") = "BracketBuilder", "BracketBuilder\BracketBuilder.csproj", "{1BAD3855-6524-463E-A172-07CD93BE6FEA}"
EndProject
Global
	GlobalSection(SolutionConfigurationPlatforms) = preSolution
		Debug|Any CPU = Debug|Any CPU
		Release|Any CPU = Release|Any CPU
	EndGlobalSection
	GlobalSection(ProjectConfigurationPlatforms) = postSolution
		{1BAD3855-6524-463E-A172-07CD93BE6FEA}.Debug|Any CPU.ActiveCfg = Debug|Any CPU
		{1BAD3855-6524-463E-A172-07CD93BE6FEA}.Debug|Any CPU.Build.0 = Debug|Any CPU
		{1BAD3855-6524-463E-A172-07CD93BE6FEA}.Release|Any CPU.ActiveCfg = Release|Any CPU
		{1BAD3855-6524-463E-A172-07CD93BE6FEA}.Release|Any CPU.Build.0 = Release|Any CPU
	EndGlobalSection
	GlobalSection(SolutionProperties) = preSolution
		HideSolutionNode = FALSE
	EndGlobalSection
	GlobalSection(ExtensibilityGlobals) = postSolution
		SolutionGuid = {25CC624F-4E3A-44BD-9DBC-C9162D5489DD}
	EndGlobalSection
EndGlobal
